
Microsoft Visual Studio Solution File, Format Version 12.00
# Visual Studio Version 17
VisualStudioVersion = 17.10.35013.160
MinimumVisualStudioVersion = 10.0.40219.1
Project("{FAE04EC0-301F-11D3-BF4B-00C04F79EFBC}") = "WpfApp10", "WpfApp10.csproj", "{FFF8660A-441E-401C-AC86-80A7CEC4AEBF}"
EndProject
Global
	GlobalSection(SolutionConfigurationPlatforms) = preSolution
		Debug|Any CPU = Debug|Any CPU
		Release|Any CPU = Release|Any CPU
	EndGlobalSection
	GlobalSection(ProjectConfigurationPlatforms) = postSolution
		{FFF8660A-441E-401C-AC86-80A7CEC4AEBF}.Debug|Any CPU.ActiveCfg = Debug|Any CPU
		{FFF8660A-441E-401C-AC86-80A7CEC4AEBF}.Debug|Any CPU.Build.0 = Debug|Any CPU
		{FFF8660A-441E-401C-AC86-80A7CEC4AEBF}.Release|Any CPU.ActiveCfg = Release|Any CPU
		{FFF8660A-441E-401C-AC86-80A7CEC4AEBF}.Release|Any CPU.Build.0 = Release|Any CPU
	EndGlobalSection
	GlobalSection(SolutionProperties) = preSolution
		HideSolutionNode = FALSE
	EndGlobalSection
	GlobalSection(ExtensibilityGlobals) = postSolution
		SolutionGuid = {1EC571AE-DA84-4491-8704-3C0AF41DAA2C}
	EndGlobalSection
EndGlobal
